{
  "name": "funding",
  "lockfileVersion": 3,
  "requires": true,
  "packages": {
    "": {
      "dependencies": {
        "json-ptr": "^3.1.1"
      }
    },
    "node_modules/json-ptr": {
      "version": "3.1.1",
      "resolved": "https://registry.npmjs.org/json-ptr/-/json-ptr-3.1.1.tgz",
      "integrity": "sha512-SiSJQ805W1sDUCD1+/t1/1BIrveq2Fe9HJqENxZmMCILmrPI7WhS/pePpIOx85v6/H2z1Vy7AI08GV2TzfXocg=="
    }
  }
}
